// !$*UTF8*$!
{
	archiveVersion = 1;
	classes = {
	};
	objectVersion = 50;
	objects = {

/* Begin PBXBuildFile section */
		24D5CC1A2145FD0A00E54FCF /* AppDelegate.swift in Sources */ = {isa = PBXBuildFile; fileRef = 24D5CC192145FD0A00E54FCF /* AppDelegate.swift */; };
		24D5CC212145FD0C00E54FCF /* Assets.xcassets in Resources */ = {isa = PBXBuildFile; fileRef = 24D5CC202145FD0C00E54FCF /* Assets.xcassets */; };
		24D5CC2C2145FD8000E54FCF /* PartyRoomViewController.swift in Sources */ = {isa = PBXBuildFile; fileRef = 24D5CC2B2145FD8000E54FCF /* PartyRoomViewController.swift */; };
		24D5CC2F214600FD00E54FCF /* PartyRoomView.swift in Sources */ = {isa = PBXBuildFile; fileRef = 24D5CC2E214600FD00E54FCF /* PartyRoomView.swift */; };
		24D5CC322146052C00E54FCF /* Track.swift in Sources */ = {isa = PBXBuildFile; fileRef = 24D5CC312146052C00E54FCF /* Track.swift */; };
		24D5CC34214605FD00E54FCF /* PartyRoomTrackCell.swift in Sources */ = {isa = PBXBuildFile; fileRef = 24D5CC33214605FD00E54FCF /* PartyRoomTrackCell.swift */; };
		24D5CC3621460D0300E54FCF /* PlayerView.swift in Sources */ = {isa = PBXBuildFile; fileRef = 24D5CC3521460D0300E54FCF /* PlayerView.swift */; };
		24D5CC3B21461AA400E54FCF /* TrackSearchView.swift in Sources */ = {isa = PBXBuildFile; fileRef = 24D5CC3A21461AA400E54FCF /* TrackSearchView.swift */; };
		24D5CC3D21461AE900E54FCF /* TrackSearchHeaderView.swift in Sources */ = {isa = PBXBuildFile; fileRef = 24D5CC3C21461AE900E54FCF /* TrackSearchHeaderView.swift */; };
/* End PBXBuildFile section */

/* Begin PBXFileReference section */
		24D5CC162145FD0A00E54FCF /* Aux.app */ = {isa = PBXFileReference; explicitFileType = wrapper.application; includeInIndex = 0; path = Aux.app; sourceTree = BUILT_PRODUCTS_DIR; };
		24D5CC192145FD0A00E54FCF /* AppDelegate.swift */ = {isa = PBXFileReference; lastKnownFileType = sourcecode.swift; path = AppDelegate.swift; sourceTree = "<group>"; };
		24D5CC202145FD0C00E54FCF /* Assets.xcassets */ = {isa = PBXFileReference; lastKnownFileType = folder.assetcatalog; path = Assets.xcassets; sourceTree = "<group>"; };
		24D5CC252145FD0C00E54FCF /* Info.plist */ = {isa = PBXFileReference; lastKnownFileType = text.plist.xml; path = Info.plist; sourceTree = "<group>"; };
		24D5CC2B2145FD8000E54FCF /* PartyRoomViewController.swift */ = {isa = PBXFileReference; lastKnownFileType = sourcecode.swift; path = PartyRoomViewController.swift; sourceTree = "<group>"; };
		24D5CC2E214600FD00E54FCF /* PartyRoomView.swift */ = {isa = PBXFileReference; lastKnownFileType = sourcecode.swift; path = PartyRoomView.swift; sourceTree = "<group>"; };
		24D5CC312146052C00E54FCF /* Track.swift */ = {isa = PBXFileReference; lastKnownFileType = sourcecode.swift; path = Track.swift; sourceTree = "<group>"; };
		24D5CC33214605FD00E54FCF /* PartyRoomTrackCell.swift */ = {isa = PBXFileReference; lastKnownFileType = sourcecode.swift; path = PartyRoomTrackCell.swift; sourceTree = "<group>"; };
		24D5CC3521460D0300E54FCF /* PlayerView.swift */ = {isa = PBXFileReference; lastKnownFileType = sourcecode.swift; path = PlayerView.swift; sourceTree = "<group>"; };
		24D5CC3A21461AA400E54FCF /* TrackSearchView.swift */ = {isa = PBXFileReference; lastKnownFileType = sourcecode.swift; path = TrackSearchView.swift; sourceTree = "<group>"; };
		24D5CC3C21461AE900E54FCF /* TrackSearchHeaderView.swift */ = {isa = PBXFileReference; lastKnownFileType = sourcecode.swift; path = TrackSearchHeaderView.swift; sourceTree = "<group>"; };
/* End PBXFileReference section */

/* Begin PBXFrameworksBuildPhase section */
		24D5CC132145FD0A00E54FCF /* Frameworks */ = {
			isa = PBXFrameworksBuildPhase;
			buildActionMask = 2147483647;
			files = (
			);
			runOnlyForDeploymentPostprocessing = 0;
		};
/* End PBXFrameworksBuildPhase section */

/* Begin PBXGroup section */
		24D5CC0D2145FD0A00E54FCF = {
			isa = PBXGroup;
			children = (
				24D5CC182145FD0A00E54FCF /* Aux */,
				24D5CC172145FD0A00E54FCF /* Products */,
			);
			sourceTree = "<group>";
		};
		24D5CC172145FD0A00E54FCF /* Products */ = {
			isa = PBXGroup;
			children = (
				24D5CC162145FD0A00E54FCF /* Aux.app */,
			);
			name = Products;
			sourceTree = "<group>";
		};
		24D5CC182145FD0A00E54FCF /* Aux */ = {
			isa = PBXGroup;
			children = (
				24D5CC3921461A7600E54FCF /* TrackSearch */,
				24D5CC302146052100E54FCF /* Models */,
				24D5CC2D214600E800E54FCF /* PartyRoom */,
				24D5CC192145FD0A00E54FCF /* AppDelegate.swift */,
				24D5CC202145FD0C00E54FCF /* Assets.xcassets */,
				24D5CC252145FD0C00E54FCF /* Info.plist */,
			);
			path = Aux;
			sourceTree = "<group>";
		};
		24D5CC2D214600E800E54FCF /* PartyRoom */ = {
			isa = PBXGroup;
			children = (
				24D5CC2B2145FD8000E54FCF /* PartyRoomViewController.swift */,
				24D5CC2E214600FD00E54FCF /* PartyRoomView.swift */,
				24D5CC33214605FD00E54FCF /* PartyRoomTrackCell.swift */,
				24D5CC3521460D0300E54FCF /* PlayerView.swift */,
			);
			path = PartyRoom;
			sourceTree = "<group>";
		};
		24D5CC302146052100E54FCF /* Models */ = {
			isa = PBXGroup;
			children = (
				24D5CC312146052C00E54FCF /* Track.swift */,
			);
			path = Models;
			sourceTree = "<group>";
		};
		24D5CC3921461A7600E54FCF /* TrackSearch */ = {
			isa = PBXGroup;
			children = (
				24D5CC3A21461AA400E54FCF /* TrackSearchView.swift */,
				24D5CC3C21461AE900E54FCF /* TrackSearchHeaderView.swift */,
			);
			path = TrackSearch;
			sourceTree = "<group>";
		};
/* End PBXGroup section */

/* Begin PBXNativeTarget section */
		24D5CC152145FD0A00E54FCF /* Aux */ = {
			isa = PBXNativeTarget;
			buildConfigurationList = 24D5CC282145FD0C00E54FCF /* Build configuration list for PBXNativeTarget "Aux" */;
			buildPhases = (
				24D5CC122145FD0A00E54FCF /* Sources */,
				24D5CC132145FD0A00E54FCF /* Frameworks */,
				24D5CC142145FD0A00E54FCF /* Resources */,
			);
			buildRules = (
			);
			dependencies = (
			);
			name = Aux;
			productName = Aux;
			productReference = 24D5CC162145FD0A00E54FCF /* Aux.app */;
			productType = "com.apple.product-type.application";
		};
/* End PBXNativeTarget section */

/* Begin PBXProject section */
		24D5CC0E2145FD0A00E54FCF /* Project object */ = {
			isa = PBXProject;
			attributes = {
				LastSwiftUpdateCheck = 0940;
				LastUpgradeCheck = 0940;
				ORGANIZATIONNAME = twof;
				TargetAttributes = {
					24D5CC152145FD0A00E54FCF = {
						CreatedOnToolsVersion = 9.4.1;
					};
				};
			};
			buildConfigurationList = 24D5CC112145FD0A00E54FCF /* Build configuration list for PBXProject "Aux" */;
			compatibilityVersion = "Xcode 9.3";
			developmentRegion = en;
			hasScannedForEncodings = 0;
			knownRegions = (
				en,
				Base,
			);
			mainGroup = 24D5CC0D2145FD0A00E54FCF;
			productRefGroup = 24D5CC172145FD0A00E54FCF /* Products */;
			projectDirPath = "";
			projectRoot = "";
			targets = (
				24D5CC152145FD0A00E54FCF /* Aux */,
			);
		};
/* End PBXProject section */

/* Begin PBXResourcesBuildPhase section */
		24D5CC142145FD0A00E54FCF /* Resources */ = {
			isa = PBXResourcesBuildPhase;
			buildActionMask = 2147483647;
			files = (
				24D5CC212145FD0C00E54FCF /* Assets.xcassets in Resources */,
			);
			runOnlyForDeploymentPostprocessing = 0;
		};
/* End PBXResourcesBuildPhase section */

/* Begin PBXSourcesBuildPhase section */
		24D5CC122145FD0A00E54FCF /* Sources */ = {
			isa = PBXSourcesBuildPhase;
			buildActionMask = 2147483647;
			files = (
				24D5CC2C2145FD8000E54FCF /* PartyRoomViewController.swift in Sources */,
				24D5CC34214605FD00E54FCF /* PartyRoomTrackCell.swift in Sources */,
				24D5CC2F214600FD00E54FCF /* PartyRoomView.swift in Sources */,
				24D5CC3B21461AA400E54FCF /* TrackSearchView.swift in Sources */,
				24D5CC3621460D0300E54FCF /* PlayerView.swift in Sources */,
				24D5CC3D21461AE900E54FCF /* TrackSearchHeaderView.swift in Sources */,
				24D5CC1A2145FD0A00E54FCF /* AppDelegate.swift in Sources */,
				24D5CC322146052C00E54FCF /* Track.swift in Sources */,
			);
			runOnlyForDeploymentPostprocessing = 0;
		};
/* End PBXSourcesBuildPhase section */

/* Begin XCBuildConfiguration section */
		24D5CC262145FD0C00E54FCF /* Debug */ = {
			isa = XCBuildConfiguration;
			buildSettings = {
				ALWAYS_SEARCH_USER_PATHS = NO;
				CLANG_ANALYZER_NONNULL = YES;
				CLANG_ANALYZER_NUMBER_OBJECT_CONVERSION = YES_AGGRESSIVE;
				CLANG_CXX_LANGUAGE_STANDARD = "gnu++14";
				CLANG_CXX_LIBRARY = "libc++";
				CLANG_ENABLE_MODULES = YES;
				CLANG_ENABLE_OBJC_ARC = YES;
				CLANG_ENABLE_OBJC_WEAK = YES;
				CLANG_WARN_BLOCK_CAPTURE_AUTORELEASING = YES;
				CLANG_WARN_BOOL_CONVERSION = YES;
				CLANG_WARN_COMMA = YES;
				CLANG_WARN_CONSTANT_CONVERSION = YES;
				CLANG_WARN_DEPRECATED_OBJC_IMPLEMENTATIONS = YES;
				CLANG_WARN_DIRECT_OBJC_ISA_USAGE = YES_ERROR;
				CLANG_WARN_DOCUMENTATION_COMMENTS = YES;
				CLANG_WARN_EMPTY_BODY = YES;
				CLANG_WARN_ENUM_CONVERSION = YES;
				CLANG_WARN_INFINITE_RECURSION = YES;
				CLANG_WARN_INT_CONVERSION = YES;
				CLANG_WARN_NON_LITERAL_NULL_CONVERSION = YES;
				CLANG_WARN_OBJC_IMPLICIT_RETAIN_SELF = YES;
				CLANG_WARN_OBJC_LITERAL_CONVERSION = YES;
				CLANG_WARN_OBJC_ROOT_CLASS = YES_ERROR;
				CLANG_WARN_RANGE_LOOP_ANALYSIS = YES;
				CLANG_WARN_STRICT_PROTOTYPES = YES;
				CLANG_WARN_SUSPICIOUS_MOVE = YES;
				CLANG_WARN_UNGUARDED_AVAILABILITY = YES_AGGRESSIVE;
				CLANG_WARN_UNREACHABLE_CODE = YES;
				CLANG_WARN__DUPLICATE_METHOD_MATCH = YES;
				CODE_SIGN_IDENTITY = "iPhone Developer";
				COPY_PHASE_STRIP = NO;
				DEBUG_INFORMATION_FORMAT = dwarf;
				ENABLE_STRICT_OBJC_MSGSEND = YES;
				ENABLE_TESTABILITY = YES;
				GCC_C_LANGUAGE_STANDARD = gnu11;
				GCC_DYNAMIC_NO_PIC = NO;
				GCC_NO_COMMON_BLOCKS = YES;
				GCC_OPTIMIZATION_LEVEL = 0;
				GCC_PREPROCESSOR_DEFINITIONS = (
					"DEBUG=1",
					"$(inherited)",
				);
				GCC_WARN_64_TO_32_BIT_CONVERSION = YES;
				GCC_WARN_ABOUT_RETURN_TYPE = YES_ERROR;
				GCC_WARN_UNDECLARED_SELECTOR = YES;
				GCC_WARN_UNINITIALIZED_AUTOS = YES_AGGRESSIVE;
				GCC_WARN_UNUSED_FUNCTION = YES;
				GCC_WARN_UNUSED_VARIABLE = YES;
				IPHONEOS_DEPLOYMENT_TARGET = 11.4;
				MTL_ENABLE_DEBUG_INFO = YES;
				ONLY_ACTIVE_ARCH = YES;
				SDKROOT = iphoneos;
				SWIFT_ACTIVE_COMPILATION_CONDITIONS = DEBUG;
				SWIFT_OPTIMIZATION_LEVEL = "-Onone";
			};
			name = Debug;
		};
		24D5CC272145FD0C00E54FCF /* Release */ = {
			isa = XCBuildConfiguration;
			buildSettings = {
				ALWAYS_SEARCH_USER_PATHS = NO;
				CLANG_ANALYZER_NONNULL = YES;
				CLANG_ANALYZER_NUMBER_OBJECT_CONVERSION = YES_AGGRESSIVE;
				CLANG_CXX_LANGUAGE_STANDARD = "gnu++14";
				CLANG_CXX_LIBRARY = "libc++";
				CLANG_ENABLE_MODULES = YES;
				CLANG_ENABLE_OBJC_ARC = YES;
				CLANG_ENABLE_OBJC_WEAK = YES;
				CLANG_WARN_BLOCK_CAPTURE_AUTORELEASING = YES;
				CLANG_WARN_BOOL_CONVERSION = YES;
				CLANG_WARN_COMMA = YES;
				CLANG_WARN_CONSTANT_CONVERSION = YES;
				CLANG_WARN_DEPRECATED_OBJC_IMPLEMENTATIONS = YES;
				CLANG_WARN_DIRECT_OBJC_ISA_USAGE = YES_ERROR;
				CLANG_WARN_DOCUMENTATION_COMMENTS = YES;
				CLANG_WARN_EMPTY_BODY = YES;
				CLANG_WARN_ENUM_CONVERSION = YES;
				CLANG_WARN_INFINITE_RECURSION = YES;
				CLANG_WARN_INT_CONVERSION = YES;
				CLANG_WARN_NON_LITERAL_NULL_CONVERSION = YES;
				CLANG_WARN_OBJC_IMPLICIT_RETAIN_SELF = YES;
				CLANG_WARN_OBJC_LITERAL_CONVERSION = YES;
				CLANG_WARN_OBJC_ROOT_CLASS = YES_ERROR;
				CLANG_WARN_RANGE_LOOP_ANALYSIS = YES;
				CLANG_WARN_STRICT_PROTOTYPES = YES;
				CLANG_WARN_SUSPICIOUS_MOVE = YES;
				CLANG_WARN_UNGUARDED_AVAILABILITY = YES_AGGRESSIVE;
				CLANG_WARN_UNREACHABLE_CODE = YES;
				CLANG_WARN__DUPLICATE_METHOD_MATCH = YES;
				CODE_SIGN_IDENTITY = "iPhone Developer";
				COPY_PHASE_STRIP = NO;
				DEBUG_INFORMATION_FORMAT = "dwarf-with-dsym";
				ENABLE_NS_ASSERTIONS = NO;
				ENABLE_STRICT_OBJC_MSGSEND = YES;
				GCC_C_LANGUAGE_STANDARD = gnu11;
				GCC_NO_COMMON_BLOCKS = YES;
				GCC_WARN_64_TO_32_BIT_CONVERSION = YES;
				GCC_WARN_ABOUT_RETURN_TYPE = YES_ERROR;
				GCC_WARN_UNDECLARED_SELECTOR = YES;
				GCC_WARN_UNINITIALIZED_AUTOS = YES_AGGRESSIVE;
				GCC_WARN_UNUSED_FUNCTION = YES;
				GCC_WARN_UNUSED_VARIABLE = YES;
				IPHONEOS_DEPLOYMENT_TARGET = 11.4;
				MTL_ENABLE_DEBUG_INFO = NO;
				SDKROOT = iphoneos;
				SWIFT_COMPILATION_MODE = wholemodule;
				SWIFT_OPTIMIZATION_LEVEL = "-O";
				VALIDATE_PRODUCT = YES;
			};
			name = Release;
		};
		24D5CC292145FD0C00E54FCF /* Debug */ = {
			isa = XCBuildConfiguration;
			buildSettings = {
				ASSETCATALOG_COMPILER_APPICON_NAME = AppIcon;
				CODE_SIGN_STYLE = Automatic;
				INFOPLIST_FILE = Aux/Info.plist;
				LD_RUNPATH_SEARCH_PATHS = (
					"$(inherited)",
					"@executable_path/Frameworks",
				);
				PRODUCT_BUNDLE_IDENTIFIER = com.twof.Aux;
				PRODUCT_NAME = "$(TARGET_NAME)";
				SWIFT_VERSION = 4.0;
				TARGETED_DEVICE_FAMILY = "1,2";
			};
			name = Debug;
		};
		24D5CC2A2145FD0C00E54FCF /* Release */ = {
			isa = XCBuildConfiguration;
			buildSettings = {
				ASSETCATALOG_COMPILER_APPICON_NAME = AppIcon;
				CODE_SIGN_STYLE = Automatic;
				INFOPLIST_FILE = Aux/Info.plist;
				LD_RUNPATH_SEARCH_PATHS = (
					"$(inherited)",
					"@executable_path/Frameworks",
				);
				PRODUCT_BUNDLE_IDENTIFIER = com.twof.Aux;
				PRODUCT_NAME = "$(TARGET_NAME)";
				SWIFT_VERSION = 4.0;
				TARGETED_DEVICE_FAMILY = "1,2";
			};
			name = Release;
		};
/* End XCBuildConfiguration section */

/* Begin XCConfigurationList section */
		24D5CC112145FD0A00E54FCF /* Build configuration list for PBXProject "Aux" */ = {
			isa = XCConfigurationList;
			buildConfigurations = (
				24D5CC262145FD0C00E54FCF /* Debug */,
				24D5CC272145FD0C00E54FCF /* Release */,
			);
			defaultConfigurationIsVisible = 0;
			defaultConfigurationName = Release;
		};
		24D5CC282145FD0C00E54FCF /* Build configuration list for PBXNativeTarget "Aux" */ = {
			isa = XCConfigurationList;
			buildConfigurations = (
				24D5CC292145FD0C00E54FCF /* Debug */,
				24D5CC2A2145FD0C00E54FCF /* Release */,
			);
			defaultConfigurationIsVisible = 0;
			defaultConfigurationName = Release;
		};
/* End XCConfigurationList section */
	};
	rootObject = 24D5CC0E2145FD0A00E54FCF /* Project object */;
}
